
Microsoft Visual Studio Solution File, Format Version 11.00
# Visual Studio 2010
Project("{FAE04EC0-301F-11D3-BF4B-00C04F79EFBC}") = "工厂模式", "Assembly-CSharp.csproj", "{80480A43-B31A-50E7-759D-9302B4C93726}"
EndProject
Global
	GlobalSection(SolutionConfigurationPlatforms) = preSolution
		Debug|Any CPU = Debug|Any CPU
		Release|Any CPU = Release|Any CPU
	EndGlobalSection
	GlobalSection(ProjectConfigurationPlatforms) = postSolution
		{80480A43-B31A-50E7-759D-9302B4C93726}.Debug|Any CPU.ActiveCfg = Debug|Any CPU
		{80480A43-B31A-50E7-759D-9302B4C93726}.Debug|Any CPU.Build.0 = Debug|Any CPU
		{80480A43-B31A-50E7-759D-9302B4C93726}.Release|Any CPU.ActiveCfg = Release|Any CPU
		{80480A43-B31A-50E7-759D-9302B4C93726}.Release|Any CPU.Build.0 = Release|Any CPU
	EndGlobalSection
	GlobalSection(SolutionProperties) = preSolution
		HideSolutionNode = FALSE
	EndGlobalSection
	GlobalSection(MonoDevelopProperties) = preSolution
		StartupItem = Assembly-CSharp.csproj
	EndGlobalSection
EndGlobal
